
Microsoft Visual Studio Solution File, Format Version 12.00
# Visual Studio 2012
Project("{FAE04EC0-301F-11D3-BF4B-00C04F79EFBC}") = "MvcApp.Demo", "MvcApp.Demo\MvcApp.Demo.csproj", "{FDEF17D6-70DE-42DE-9350-1E4083F3A562}"
EndProject
Global
	GlobalSection(SolutionConfigurationPlatforms) = preSolution
		Debug|Any CPU = Debug|Any CPU
		Release|Any CPU = Release|Any CPU
	EndGlobalSection
	GlobalSection(ProjectConfigurationPlatforms) = postSolution
		{FDEF17D6-70DE-42DE-9350-1E4083F3A562}.Debug|Any CPU.ActiveCfg = Debug|Any CPU
		{FDEF17D6-70DE-42DE-9350-1E4083F3A562}.Debug|Any CPU.Build.0 = Debug|Any CPU
		{FDEF17D6-70DE-42DE-9350-1E4083F3A562}.Release|Any CPU.ActiveCfg = Release|Any CPU
		{FDEF17D6-70DE-42DE-9350-1E4083F3A562}.Release|Any CPU.Build.0 = Release|Any CPU
	EndGlobalSection
	GlobalSection(SolutionProperties) = preSolution
		HideSolutionNode = FALSE
	EndGlobalSection
EndGlobal
